
Microsoft Visual Studio Solution File, Format Version 12.00
# Visual Studio 15
VisualStudioVersion = 15.0.26430.16
MinimumVisualStudioVersion = 10.0.40219.1
Project("{FAE04EC0-301F-11D3-BF4B-00C04F79EFBC}") = "NDK.ApplicationCore", "..\ICB-App\NDK.ApplicationCore\NDK.ApplicationCore.csproj", "{FC33FE28-1E14-4150-B844-BACBAAF4DEA2}"
EndProject
Project("{FAE04EC0-301F-11D3-BF4B-00C04F79EFBC}") = "ICB-Website.EntityFrameworkCore", "ICB-Website.EntityFrameworkCore\ICB-Website.EntityFrameworkCore.csproj", "{152975BA-B8BA-4809-A918-C16A560EEEDC}"
EndProject
Project("{FAE04EC0-301F-11D3-BF4B-00C04F79EFBC}") = "ICB-Website.WebsiteCore", "ICB-Website.WebsiteCore\ICB-Website.WebsiteCore.csproj", "{F04E372D-7630-400D-9381-F25AA4D4C185}"
EndProject
Project("{FAE04EC0-301F-11D3-BF4B-00C04F79EFBC}") = "ICB-Website.Website-UI", "ICB-Website.Website-UI\ICB-Website.Website-UI.csproj", "{96FC7E2D-CBA6-4A09-BDE2-7B9E8C06152E}"
EndProject
Global
	GlobalSection(SolutionConfigurationPlatforms) = preSolution
		Debug|Any CPU = Debug|Any CPU
		Release|Any CPU = Release|Any CPU
	EndGlobalSection
	GlobalSection(ProjectConfigurationPlatforms) = postSolution
		{FC33FE28-1E14-4150-B844-BACBAAF4DEA2}.Debug|Any CPU.ActiveCfg = Debug|Any CPU
		{FC33FE28-1E14-4150-B844-BACBAAF4DEA2}.Debug|Any CPU.Build.0 = Debug|Any CPU
		{FC33FE28-1E14-4150-B844-BACBAAF4DEA2}.Release|Any CPU.ActiveCfg = Release|Any CPU
		{FC33FE28-1E14-4150-B844-BACBAAF4DEA2}.Release|Any CPU.Build.0 = Release|Any CPU
		{152975BA-B8BA-4809-A918-C16A560EEEDC}.Debug|Any CPU.ActiveCfg = Debug|Any CPU
		{152975BA-B8BA-4809-A918-C16A560EEEDC}.Debug|Any CPU.Build.0 = Debug|Any CPU
		{152975BA-B8BA-4809-A918-C16A560EEEDC}.Release|Any CPU.ActiveCfg = Release|Any CPU
		{152975BA-B8BA-4809-A918-C16A560EEEDC}.Release|Any CPU.Build.0 = Release|Any CPU
		{F04E372D-7630-400D-9381-F25AA4D4C185}.Debug|Any CPU.ActiveCfg = Debug|Any CPU
		{F04E372D-7630-400D-9381-F25AA4D4C185}.Debug|Any CPU.Build.0 = Debug|Any CPU
		{F04E372D-7630-400D-9381-F25AA4D4C185}.Release|Any CPU.ActiveCfg = Release|Any CPU
		{F04E372D-7630-400D-9381-F25AA4D4C185}.Release|Any CPU.Build.0 = Release|Any CPU
		{96FC7E2D-CBA6-4A09-BDE2-7B9E8C06152E}.Debug|Any CPU.ActiveCfg = Debug|Any CPU
		{96FC7E2D-CBA6-4A09-BDE2-7B9E8C06152E}.Debug|Any CPU.Build.0 = Debug|Any CPU
		{96FC7E2D-CBA6-4A09-BDE2-7B9E8C06152E}.Release|Any CPU.ActiveCfg = Release|Any CPU
		{96FC7E2D-CBA6-4A09-BDE2-7B9E8C06152E}.Release|Any CPU.Build.0 = Release|Any CPU
	EndGlobalSection
	GlobalSection(SolutionProperties) = preSolution
		HideSolutionNode = FALSE
	EndGlobalSection
EndGlobal
